
Microsoft Visual Studio Solution File, Format Version 12.00
# Visual Studio Version 17
VisualStudioVersion = 17.3.32922.545
MinimumVisualStudioVersion = 10.0.40219.1
Project("{FAE04EC0-301F-11D3-BF4B-00C04F79EFBC}") = "YNCTFv2WF", "YNCTFv2WF\YNCTFv2WF.csproj", "{53D8C65E-35B2-448E-8B87-4481A026F4AF}"
EndProject
Global
	GlobalSection(SolutionConfigurationPlatforms) = preSolution
		Debug|Any CPU = Debug|Any CPU
		Release|Any CPU = Release|Any CPU
	EndGlobalSection
	GlobalSection(ProjectConfigurationPlatforms) = postSolution
		{53D8C65E-35B2-448E-8B87-4481A026F4AF}.Debug|Any CPU.ActiveCfg = Debug|Any CPU
		{53D8C65E-35B2-448E-8B87-4481A026F4AF}.Debug|Any CPU.Build.0 = Debug|Any CPU
		{53D8C65E-35B2-448E-8B87-4481A026F4AF}.Release|Any CPU.ActiveCfg = Release|Any CPU
		{53D8C65E-35B2-448E-8B87-4481A026F4AF}.Release|Any CPU.Build.0 = Release|Any CPU
	EndGlobalSection
	GlobalSection(SolutionProperties) = preSolution
		HideSolutionNode = FALSE
	EndGlobalSection
	GlobalSection(ExtensibilityGlobals) = postSolution
		SolutionGuid = {8F471507-1359-4ABA-B30B-2B35CA5E2846}
	EndGlobalSection
EndGlobal
